// !$*UTF8*$!
{
    archiveVersion = 1;
    classes = {
    };
    objectVersion = 50;
    objects = {

/* Begin PBXBuildFile section */
		0A15D8F4216E9E1A00308DDD /* locationPin.png in Resources */ = {isa = PBXBuildFile; fileRef = 0A15D8F3216E9E1A00308DDD /* locationPin.png */; };
		0A15D8F6216F0DAC00308DDD /* CreateAccount.swift in Sources */ = {isa = PBXBuildFile; fileRef = 0A15D8F5216F0DAC00308DDD /* CreateAccount.swift */; };
		0A15D8F8216F0E9100308DDD /* CoachAthletes.jpg in Resources */ = {isa = PBXBuildFile; fileRef = 0A15D8F7216F0E8F00308DDD /* CoachAthletes.jpg */; };
		0A15D8FA216F19C000308DDD /* CoachSignUp.swift in Sources */ = {isa = PBXBuildFile; fileRef = 0A15D8F9216F19C000308DDD /* CoachSignUp.swift */; };
		0A15D8FC216F19E600308DDD /* AthleteSignUp.swift in Sources */ = {isa = PBXBuildFile; fileRef = 0A15D8FB216F19E600308DDD /* AthleteSignUp.swift */; };
		6F0CC28E2151685E0010BCA4 /* AppDelegate.swift in Sources */ = {isa = PBXBuildFile; fileRef = 6F0CC28D2151685E0010BCA4 /* AppDelegate.swift */; };
		6F0CC2902151685E0010BCA4 /* ViewController.swift in Sources */ = {isa = PBXBuildFile; fileRef = 6F0CC28F2151685E0010BCA4 /* ViewController.swift */; };
		6F0CC2932151685E0010BCA4 /* Main.storyboard in Resources */ = {isa = PBXBuildFile; fileRef = 6F0CC2912151685E0010BCA4 /* Main.storyboard */; };
		6F0CC2952151685F0010BCA4 /* Assets.xcassets in Resources */ = {isa = PBXBuildFile; fileRef = 6F0CC2942151685F0010BCA4 /* Assets.xcassets */; };
		6F0CC2982151685F0010BCA4 /* LaunchScreen.storyboard in Resources */ = {isa = PBXBuildFile; fileRef = 6F0CC2962151685F0010BCA4 /* LaunchScreen.storyboard */; };
		6F0CC2A32151685F0010BCA4 /* tutorTrackingTests.swift in Sources */ = {isa = PBXBuildFile; fileRef = 6F0CC2A22151685F0010BCA4 /* tutorTrackingTests.swift */; };
		6F0CC2AE2151685F0010BCA4 /* tutorTrackingUITests.swift in Sources */ = {isa = PBXBuildFile; fileRef = 6F0CC2AD2151685F0010BCA4 /* tutorTrackingUITests.swift */; };
/* End PBXBuildFile section */

/* Begin PBXContainerItemProxy section */
        6F0CC29F2151685F0010BCA4 /* PBXContainerItemProxy */ = {
            isa = PBXContainerItemProxy;
            containerPortal = 6F0CC2822151685E0010BCA4 /* Project object */;
            proxyType = 1;
            remoteGlobalIDString = 6F0CC2892151685E0010BCA4;
            remoteInfo = tutorTracking;
        };
        6F0CC2AA2151685F0010BCA4 /* PBXContainerItemProxy */ = {
            isa = PBXContainerItemProxy;
            containerPortal = 6F0CC2822151685E0010BCA4 /* Project object */;
            proxyType = 1;
            remoteGlobalIDString = 6F0CC2892151685E0010BCA4;
            remoteInfo = tutorTracking;
        };
/* End PBXContainerItemProxy section */

/* Begin PBXFileReference section */
        0A15D8F3216E9E1A00308DDD /* locationPin.png */ = {isa = PBXFileReference; lastKnownFileType = image.png; path = locationPin.png; sourceTree = "<group>"; };
		0A15D8F5216F0DAC00308DDD /* CreateAccount.swift */ = {isa = PBXFileReference; lastKnownFileType = sourcecode.swift; path = CreateAccount.swift; sourceTree = "<group>"; };
		0A15D8F7216F0E8F00308DDD /* CoachAthletes.jpg */ = {isa = PBXFileReference; lastKnownFileType = image.jpeg; path = CoachAthletes.jpg; sourceTree = "<group>"; };
		0A15D8F9216F19C000308DDD /* CoachSignUp.swift */ = {isa = PBXFileReference; lastKnownFileType = sourcecode.swift; path = CoachSignUp.swift; sourceTree = "<group>"; };
		0A15D8FB216F19E600308DDD /* AthleteSignUp.swift */ = {isa = PBXFileReference; lastKnownFileType = sourcecode.swift; path = AthleteSignUp.swift; sourceTree = "<group>"; };
		6F0CC28A2151685E0010BCA4 /* tutorTracking.app */ = {isa = PBXFileReference; explicitFileType = wrapper.application; includeInIndex = 0; path = tutorTracking.app; sourceTree = BUILT_PRODUCTS_DIR; };
		6F0CC28D2151685E0010BCA4 /* AppDelegate.swift */ = {isa = PBXFileReference; lastKnownFileType = sourcecode.swift; path = AppDelegate.swift; sourceTree = "<group>"; };
		6F0CC28F2151685E0010BCA4 /* ViewController.swift */ = {isa = PBXFileReference; lastKnownFileType = sourcecode.swift; path = ViewController.swift; sourceTree = "<group>"; };
		6F0CC2922151685E0010BCA4 /* Base */ = {isa = PBXFileReference; lastKnownFileType = file.storyboard; name = Base; path = Base.lproj/Main.storyboard; sourceTree = "<group>"; };
		6F0CC2942151685F0010BCA4 /* Assets.xcassets */ = {isa = PBXFileReference; lastKnownFileType = folder.assetcatalog; path = Assets.xcassets; sourceTree = "<group>"; };
		6F0CC2972151685F0010BCA4 /* Base */ = {isa = PBXFileReference; lastKnownFileType = file.storyboard; name = Base; path = Base.lproj/LaunchScreen.storyboard; sourceTree = "<group>"; };
		6F0CC2992151685F0010BCA4 /* Info.plist */ = {isa = PBXFileReference; lastKnownFileType = text.plist.xml; path = Info.plist; sourceTree = "<group>"; };
		6F0CC29E2151685F0010BCA4 /* tutorTrackingTests.xctest */ = {isa = PBXFileReference; explicitFileType = wrapper.cfbundle; includeInIndex = 0; path = tutorTrackingTests.xctest; sourceTree = BUILT_PRODUCTS_DIR; };
		6F0CC2A22151685F0010BCA4 /* tutorTrackingTests.swift */ = {isa = PBXFileReference; lastKnownFileType = sourcecode.swift; path = tutorTrackingTests.swift; sourceTree = "<group>"; };
		6F0CC2A42151685F0010BCA4 /* Info.plist */ = {isa = PBXFileReference; lastKnownFileType = text.plist.xml; path = Info.plist; sourceTree = "<group>"; };
		6F0CC2A92151685F0010BCA4 /* tutorTrackingUITests.xctest */ = {isa = PBXFileReference; explicitFileType = wrapper.cfbundle; includeInIndex = 0; path = tutorTrackingUITests.xctest; sourceTree = BUILT_PRODUCTS_DIR; };
		6F0CC2AD2151685F0010BCA4 /* tutorTrackingUITests.swift */ = {isa = PBXFileReference; lastKnownFileType = sourcecode.swift; path = tutorTrackingUITests.swift; sourceTree = "<group>"; };
		6F0CC2AF2151685F0010BCA4 /* Info.plist */ = {isa = PBXFileReference; lastKnownFileType = text.plist.xml; path = Info.plist; sourceTree = "<group>"; };
/* End PBXFileReference section */

/* Begin PBXFrameworksBuildPhase section */
        6F0CC2872151685E0010BCA4 /* Frameworks */ = {
            isa = PBXFrameworksBuildPhase;
            buildActionMask = 2147483647;
            files = (
                6F0FF1922159062100170A72 /* AWSAuthCore.framework in Frameworks */,
                6F0FF1942159062100170A72 /* AWSAuthUI.framework in Frameworks */,
                6F0FF1962159062100170A72 /* AWSCognitoIdentityProvider.framework in Frameworks */,
                6F0FF1982159062100170A72 /* AWSCognitoIdentityProviderASF.framework in Frameworks */,
                6F0FF19A2159062100170A72 /* AWSCore.framework in Frameworks */,
                6F0FF19C2159062100170A72 /* AWSMobileClient.framework in Frameworks */,
                6F0FF19E2159062100170A72 /* AWSUserPoolsSignIn.framework in Frameworks */,
                A51F216BD828A841B5328E81 /* Pods_tutorTracking.framework in Frameworks */,
            );
            runOnlyForDeploymentPostprocessing = 0;
        };
        6F0CC29B2151685F0010BCA4 /* Frameworks */ = {
            isa = PBXFrameworksBuildPhase;
            buildActionMask = 2147483647;
            files = (
                B941E5B4DD4F0A9FB0A7AF7F /* Pods_tutorTrackingTests.framework in Frameworks */,
            );
            runOnlyForDeploymentPostprocessing = 0;
        };
        6F0CC2A62151685F0010BCA4 /* Frameworks */ = {
            isa = PBXFrameworksBuildPhase;
            buildActionMask = 2147483647;
            files = (
                DDAE19D38D058C7EF2C9A3F3 /* Pods_tutorTrackingUITests.framework in Frameworks */,
            );
            runOnlyForDeploymentPostprocessing = 0;
        };
/* End PBXFrameworksBuildPhase section */

/* Begin PBXGroup section */
        0A15D8F2216E9DE800308DDD /* image */ = {
            isa = PBXGroup;
            children = (
                0A15D8F3216E9E1A00308DDD /* locationPin.png */,
                0A15D8F7216F0E8F00308DDD /* CoachAthletes.jpg */,
            );
            path = image;
            sourceTree = "<group>";
        };
        6F0CC2812151685E0010BCA4 = {
            isa = PBXGroup;
            children = (
                6F0CC28C2151685E0010BCA4 /* tutorTracking */,
                6F0CC2A12151685F0010BCA4 /* tutorTrackingTests */,
                6F0CC2AC2151685F0010BCA4 /* tutorTrackingUITests */,
                6F0CC28B2151685E0010BCA4 /* Products */,
                0A15D8F2216E9DE800308DDD /* image */,
			);
			sourceTree = "<group>";
		};
		6F0CC28B2151685E0010BCA4 /* Products */ = {
			isa = PBXGroup;
			children = (
				6F0CC28A2151685E0010BCA4 /* tutorTracking.app */,
				6F0CC29E2151685F0010BCA4 /* tutorTrackingTests.xctest */,
				6F0CC2A92151685F0010BCA4 /* tutorTrackingUITests.xctest */,
			);
			name = Products;
			sourceTree = "<group>";
		};
		6F0CC28C2151685E0010BCA4 /* tutorTracking */ = {
			isa = PBXGroup;
			children = (
				6F0CC28D2151685E0010BCA4 /* AppDelegate.swift */,
				6F0CC28F2151685E0010BCA4 /* ViewController.swift */,
				0A15D8F5216F0DAC00308DDD /* CreateAccount.swift */,
				0A15D8F9216F19C000308DDD /* CoachSignUp.swift */,
				0A15D8FB216F19E600308DDD /* AthleteSignUp.swift */,
				6F0CC2942151685F0010BCA4 /* Assets.xcassets */,
				6F0CC2962151685F0010BCA4 /* LaunchScreen.storyboard */,
				6F0CC2912151685E0010BCA4 /* Main.storyboard */,
				6F0CC2992151685F0010BCA4 /* Info.plist */,
			);
			path = tutorTracking;
			sourceTree = "<group>";
		};
		6F0CC2A12151685F0010BCA4 /* tutorTrackingTests */ = {
			isa = PBXGroup;
			children = (
				6F0CC2A22151685F0010BCA4 /* tutorTrackingTests.swift */,
				6F0CC2A42151685F0010BCA4 /* Info.plist */,
			);
			path = tutorTrackingTests;
			sourceTree = "<group>";
		};
		6F0CC2AC2151685F0010BCA4 /* tutorTrackingUITests */ = {
			isa = PBXGroup;
			children = (
				6F0CC2AD2151685F0010BCA4 /* tutorTrackingUITests.swift */,
				6F0CC2AF2151685F0010BCA4 /* Info.plist */,
			);
			path = tutorTrackingUITests;
			sourceTree = "<group>";
		};
/* End PBXGroup section */

/* Begin PBXNativeTarget section */
        6F0CC2892151685E0010BCA4 /* tutorTracking */ = {
            isa = PBXNativeTarget;
            buildConfigurationList = 6F0CC2B22151685F0010BCA4 /* Build configuration list for PBXNativeTarget "tutorTracking" */;
            buildPhases = (
                4A574448AF6A938871858AFC /* [CP] Check Pods Manifest.lock */,
                6F0CC2862151685E0010BCA4 /* Sources */,
                6F0CC2872151685E0010BCA4 /* Frameworks */,
                6F0CC2882151685E0010BCA4 /* Resources */,
                1C6E6C2110F9BE2EAF9D0FBD /* [CP] Embed Pods Frameworks */,
            );
            buildRules = (
            );
            dependencies = (
            );
            name = tutorTracking;
            productName = tutorTracking;
            productReference = 6F0CC28A2151685E0010BCA4 /* tutorTracking.app */;
            productType = "com.apple.product-type.application";
        };
        6F0CC29D2151685F0010BCA4 /* tutorTrackingTests */ = {
            isa = PBXNativeTarget;
            buildConfigurationList = 6F0CC2B52151685F0010BCA4 /* Build configuration list for PBXNativeTarget "tutorTrackingTests" */;
            buildPhases = (
                620864E2D444DB83BF7C5036 /* [CP] Check Pods Manifest.lock */,
                6F0CC29A2151685F0010BCA4 /* Sources */,
                6F0CC29B2151685F0010BCA4 /* Frameworks */,
                6F0CC29C2151685F0010BCA4 /* Resources */,
            );
            buildRules = (
            );
            dependencies = (
                6F0CC2A02151685F0010BCA4 /* PBXTargetDependency */,
            );
            name = tutorTrackingTests;
            productName = tutorTrackingTests;
            productReference = 6F0CC29E2151685F0010BCA4 /* tutorTrackingTests.xctest */;
            productType = "com.apple.product-type.bundle.unit-test";
        };
        6F0CC2A82151685F0010BCA4 /* tutorTrackingUITests */ = {
            isa = PBXNativeTarget;
            buildConfigurationList = 6F0CC2B82151685F0010BCA4 /* Build configuration list for PBXNativeTarget "tutorTrackingUITests" */;
            buildPhases = (
                210111540EA0D57E6A4E8D7E /* [CP] Check Pods Manifest.lock */,
                6F0CC2A52151685F0010BCA4 /* Sources */,
                6F0CC2A62151685F0010BCA4 /* Frameworks */,
                6F0CC2A72151685F0010BCA4 /* Resources */,
            );
            buildRules = (
            );
            dependencies = (
                6F0CC2AB2151685F0010BCA4 /* PBXTargetDependency */,
            );
            name = tutorTrackingUITests;
            productName = tutorTrackingUITests;
            productReference = 6F0CC2A92151685F0010BCA4 /* tutorTrackingUITests.xctest */;
            productType = "com.apple.product-type.bundle.ui-testing";
        };
/* End PBXNativeTarget section */

/* Begin PBXProject section */
        6F0CC2822151685E0010BCA4 /* Project object */ = {
            isa = PBXProject;
            attributes = {
                LastSwiftUpdateCheck = 1000;
                LastUpgradeCheck = 1000;
                ORGANIZATIONNAME = "Brian Thomas O'Leary";
                TargetAttributes = {
                    6F0CC2892151685E0010BCA4 = {
                        CreatedOnToolsVersion = 10.0;
                    };
                    6F0CC29D2151685F0010BCA4 = {
                        CreatedOnToolsVersion = 10.0;
                        TestTargetID = 6F0CC2892151685E0010BCA4;
                    };
                    6F0CC2A82151685F0010BCA4 = {
                        CreatedOnToolsVersion = 10.0;
                        TestTargetID = 6F0CC2892151685E0010BCA4;
                    };
                };
            };
            buildConfigurationList = 6F0CC2852151685E0010BCA4 /* Build configuration list for PBXProject "tutorTracking" */;
            compatibilityVersion = "Xcode 9.3";
            developmentRegion = en;
            hasScannedForEncodings = 0;
            knownRegions = (
                en,
                Base,
            );
            mainGroup = 6F0CC2812151685E0010BCA4;
            productRefGroup = 6F0CC28B2151685E0010BCA4 /* Products */;
            projectDirPath = "";
            projectRoot = "";
            targets = (
                6F0CC2892151685E0010BCA4 /* tutorTracking */,
                6F0CC29D2151685F0010BCA4 /* tutorTrackingTests */,
                6F0CC2A82151685F0010BCA4 /* tutorTrackingUITests */,
            );
        };
/* End PBXProject section */

/* Begin PBXResourcesBuildPhase section */
		6F0CC2882151685E0010BCA4 /* Resources */ = {
			isa = PBXResourcesBuildPhase;
			buildActionMask = 2147483647;
			files = (
				6F0CC2982151685F0010BCA4 /* LaunchScreen.storyboard in Resources */,
				6F0CC2952151685F0010BCA4 /* Assets.xcassets in Resources */,
				0A15D8F4216E9E1A00308DDD /* locationPin.png in Resources */,
				6F0CC2932151685E0010BCA4 /* Main.storyboard in Resources */,
				0A15D8F8216F0E9100308DDD /* CoachAthletes.jpg in Resources */,
			);
			runOnlyForDeploymentPostprocessing = 0;
		};
		6F0CC29C2151685F0010BCA4 /* Resources */ = {
			isa = PBXResourcesBuildPhase;
			buildActionMask = 2147483647;
			files = (
			);
			runOnlyForDeploymentPostprocessing = 0;
		};
		6F0CC2A72151685F0010BCA4 /* Resources */ = {
			isa = PBXResourcesBuildPhase;
			buildActionMask = 2147483647;
			files = (
			);
			runOnlyForDeploymentPostprocessing = 0;
		};
/* End PBXResourcesBuildPhase section */

/* Begin PBXSourcesBuildPhase section */
		6F0CC2862151685E0010BCA4 /* Sources */ = {
			isa = PBXSourcesBuildPhase;
			buildActionMask = 2147483647;
			files = (
				0A15D8FA216F19C000308DDD /* CoachSignUp.swift in Sources */,
				0A15D8FC216F19E600308DDD /* AthleteSignUp.swift in Sources */,
				0A15D8F6216F0DAC00308DDD /* CreateAccount.swift in Sources */,
				6F0CC2902151685E0010BCA4 /* ViewController.swift in Sources */,
				6F0CC28E2151685E0010BCA4 /* AppDelegate.swift in Sources */,
			);
			runOnlyForDeploymentPostprocessing = 0;
		};
		6F0CC29A2151685F0010BCA4 /* Sources */ = {
			isa = PBXSourcesBuildPhase;
			buildActionMask = 2147483647;
			files = (
				6F0CC2A32151685F0010BCA4 /* tutorTrackingTests.swift in Sources */,
			);
			runOnlyForDeploymentPostprocessing = 0;
		};
		6F0CC2A52151685F0010BCA4 /* Sources */ = {
			isa = PBXSourcesBuildPhase;
			buildActionMask = 2147483647;
			files = (
				6F0CC2AE2151685F0010BCA4 /* tutorTrackingUITests.swift in Sources */,
			);
			runOnlyForDeploymentPostprocessing = 0;
		};
/* End PBXSourcesBuildPhase section */

/* Begin PBXTargetDependency section */
		6F0CC2A02151685F0010BCA4 /* PBXTargetDependency */ = {
			isa = PBXTargetDependency;
			target = 6F0CC2892151685E0010BCA4 /* tutorTracking */;
			targetProxy = 6F0CC29F2151685F0010BCA4 /* PBXContainerItemProxy */;
		};
		6F0CC2AB2151685F0010BCA4 /* PBXTargetDependency */ = {
			isa = PBXTargetDependency;
			target = 6F0CC2892151685E0010BCA4 /* tutorTracking */;
			targetProxy = 6F0CC2AA2151685F0010BCA4 /* PBXContainerItemProxy */;
		};
/* End PBXTargetDependency section */

/* Begin PBXVariantGroup section */
		6F0CC2912151685E0010BCA4 /* Main.storyboard */ = {
			isa = PBXVariantGroup;
			children = (
				6F0CC2922151685E0010BCA4 /* Base */,
			);
			name = Main.storyboard;
			sourceTree = "<group>";
		};
		6F0CC2962151685F0010BCA4 /* LaunchScreen.storyboard */ = {
			isa = PBXVariantGroup;
			children = (
				6F0CC2972151685F0010BCA4 /* Base */,
			);
			name = LaunchScreen.storyboard;
			sourceTree = "<group>";
		};
/* End PBXVariantGroup section */

/* Begin XCBuildConfiguration section */
		6F0CC2B02151685F0010BCA4 /* Debug */ = {
			isa = XCBuildConfiguration;
			buildSettings = {
				ALWAYS_SEARCH_USER_PATHS = NO;
				CLANG_ANALYZER_NONNULL = YES;
				CLANG_ANALYZER_NUMBER_OBJECT_CONVERSION = YES_AGGRESSIVE;
				CLANG_CXX_LANGUAGE_STANDARD = "gnu++14";
				CLANG_CXX_LIBRARY = "libc++";
				CLANG_ENABLE_MODULES = YES;
				CLANG_ENABLE_OBJC_ARC = YES;
				CLANG_ENABLE_OBJC_WEAK = YES;
				CLANG_WARN_BLOCK_CAPTURE_AUTORELEASING = YES;
				CLANG_WARN_BOOL_CONVERSION = YES;
				CLANG_WARN_COMMA = YES;
				CLANG_WARN_CONSTANT_CONVERSION = YES;
				CLANG_WARN_DEPRECATED_OBJC_IMPLEMENTATIONS = YES;
				CLANG_WARN_DIRECT_OBJC_ISA_USAGE = YES_ERROR;
				CLANG_WARN_DOCUMENTATION_COMMENTS = YES;
				CLANG_WARN_EMPTY_BODY = YES;
				CLANG_WARN_ENUM_CONVERSION = YES;
				CLANG_WARN_INFINITE_RECURSION = YES;
				CLANG_WARN_INT_CONVERSION = YES;
				CLANG_WARN_NON_LITERAL_NULL_CONVERSION = YES;
				CLANG_WARN_OBJC_IMPLICIT_RETAIN_SELF = YES;
				CLANG_WARN_OBJC_LITERAL_CONVERSION = YES;
				CLANG_WARN_OBJC_ROOT_CLASS = YES_ERROR;
				CLANG_WARN_RANGE_LOOP_ANALYSIS = YES;
				CLANG_WARN_STRICT_PROTOTYPES = YES;
				CLANG_WARN_SUSPICIOUS_MOVE = YES;
				CLANG_WARN_UNGUARDED_AVAILABILITY = YES_AGGRESSIVE;
				CLANG_WARN_UNREACHABLE_CODE = YES;
				CLANG_WARN__DUPLICATE_METHOD_MATCH = YES;
				CODE_SIGN_IDENTITY = "iPhone Developer";
				COPY_PHASE_STRIP = NO;
				DEBUG_INFORMATION_FORMAT = dwarf;
				ENABLE_STRICT_OBJC_MSGSEND = YES;
				ENABLE_TESTABILITY = YES;
				GCC_C_LANGUAGE_STANDARD = gnu11;
				GCC_DYNAMIC_NO_PIC = NO;
				GCC_NO_COMMON_BLOCKS = YES;
				GCC_OPTIMIZATION_LEVEL = 0;
				GCC_PREPROCESSOR_DEFINITIONS = (
					"DEBUG=1",
					"$(inherited)",
				);
				GCC_WARN_64_TO_32_BIT_CONVERSION = YES;
				GCC_WARN_ABOUT_RETURN_TYPE = YES_ERROR;
				GCC_WARN_UNDECLARED_SELECTOR = YES;
				GCC_WARN_UNINITIALIZED_AUTOS = YES_AGGRESSIVE;
				GCC_WARN_UNUSED_FUNCTION = YES;
				GCC_WARN_UNUSED_VARIABLE = YES;
				IPHONEOS_DEPLOYMENT_TARGET = 12.0;
				MTL_ENABLE_DEBUG_INFO = INCLUDE_SOURCE;
				MTL_FAST_MATH = YES;
				ONLY_ACTIVE_ARCH = YES;
				SDKROOT = iphoneos;
				SWIFT_ACTIVE_COMPILATION_CONDITIONS = DEBUG;
				SWIFT_OPTIMIZATION_LEVEL = "-Onone";
			};
			name = Debug;
		};
		6F0CC2B12151685F0010BCA4 /* Release */ = {
			isa = XCBuildConfiguration;
			buildSettings = {
				ALWAYS_SEARCH_USER_PATHS = NO;
				CLANG_ANALYZER_NONNULL = YES;
				CLANG_ANALYZER_NUMBER_OBJECT_CONVERSION = YES_AGGRESSIVE;
				CLANG_CXX_LANGUAGE_STANDARD = "gnu++14";
				CLANG_CXX_LIBRARY = "libc++";
				CLANG_ENABLE_MODULES = YES;
				CLANG_ENABLE_OBJC_ARC = YES;
				CLANG_ENABLE_OBJC_WEAK = YES;
				CLANG_WARN_BLOCK_CAPTURE_AUTORELEASING = YES;
				CLANG_WARN_BOOL_CONVERSION = YES;
				CLANG_WARN_COMMA = YES;
				CLANG_WARN_CONSTANT_CONVERSION = YES;
				CLANG_WARN_DEPRECATED_OBJC_IMPLEMENTATIONS = YES;
				CLANG_WARN_DIRECT_OBJC_ISA_USAGE = YES_ERROR;
				CLANG_WARN_DOCUMENTATION_COMMENTS = YES;
				CLANG_WARN_EMPTY_BODY = YES;
				CLANG_WARN_ENUM_CONVERSION = YES;
				CLANG_WARN_INFINITE_RECURSION = YES;
				CLANG_WARN_INT_CONVERSION = YES;
				CLANG_WARN_NON_LITERAL_NULL_CONVERSION = YES;
				CLANG_WARN_OBJC_IMPLICIT_RETAIN_SELF = YES;
				CLANG_WARN_OBJC_LITERAL_CONVERSION = YES;
				CLANG_WARN_OBJC_ROOT_CLASS = YES_ERROR;
				CLANG_WARN_RANGE_LOOP_ANALYSIS = YES;
				CLANG_WARN_STRICT_PROTOTYPES = YES;
				CLANG_WARN_SUSPICIOUS_MOVE = YES;
				CLANG_WARN_UNGUARDED_AVAILABILITY = YES_AGGRESSIVE;
				CLANG_WARN_UNREACHABLE_CODE = YES;
				CLANG_WARN__DUPLICATE_METHOD_MATCH = YES;
				CODE_SIGN_IDENTITY = "iPhone Developer";
				COPY_PHASE_STRIP = NO;
				DEBUG_INFORMATION_FORMAT = "dwarf-with-dsym";
				ENABLE_NS_ASSERTIONS = NO;
				ENABLE_STRICT_OBJC_MSGSEND = YES;
				GCC_C_LANGUAGE_STANDARD = gnu11;
				GCC_NO_COMMON_BLOCKS = YES;
				GCC_WARN_64_TO_32_BIT_CONVERSION = YES;
				GCC_WARN_ABOUT_RETURN_TYPE = YES_ERROR;
				GCC_WARN_UNDECLARED_SELECTOR = YES;
				GCC_WARN_UNINITIALIZED_AUTOS = YES_AGGRESSIVE;
				GCC_WARN_UNUSED_FUNCTION = YES;
				GCC_WARN_UNUSED_VARIABLE = YES;
				IPHONEOS_DEPLOYMENT_TARGET = 12.0;
				MTL_ENABLE_DEBUG_INFO = NO;
				MTL_FAST_MATH = YES;
				SDKROOT = iphoneos;
				SWIFT_COMPILATION_MODE = wholemodule;
				SWIFT_OPTIMIZATION_LEVEL = "-O";
				VALIDATE_PRODUCT = YES;
			};
			name = Release;
		};
		6F0CC2B32151685F0010BCA4 /* Debug */ = {
			isa = XCBuildConfiguration;
			buildSettings = {
				ASSETCATALOG_COMPILER_APPICON_NAME = AppIcon;
				CODE_SIGN_STYLE = Automatic;
				DEVELOPMENT_TEAM = 8Y4YS98BFD;
				INFOPLIST_FILE = tutorTracking/Info.plist;
				LD_RUNPATH_SEARCH_PATHS = (
					"$(inherited)",
					"@executable_path/Frameworks",
				);
				PRODUCT_BUNDLE_IDENTIFIER = brian.tutorTracking;
				PRODUCT_NAME = "$(TARGET_NAME)";
				SWIFT_VERSION = 4.2;
				TARGETED_DEVICE_FAMILY = "1,2";
			};
			name = Debug;
		};
		6F0CC2B42151685F0010BCA4 /* Release */ = {
			isa = XCBuildConfiguration;
			buildSettings = {
				ASSETCATALOG_COMPILER_APPICON_NAME = AppIcon;
				CODE_SIGN_STYLE = Automatic;
				DEVELOPMENT_TEAM = 8Y4YS98BFD;
				INFOPLIST_FILE = tutorTracking/Info.plist;
				LD_RUNPATH_SEARCH_PATHS = (
					"$(inherited)",
					"@executable_path/Frameworks",
				);
				PRODUCT_BUNDLE_IDENTIFIER = brian.tutorTracking;
				PRODUCT_NAME = "$(TARGET_NAME)";
				SWIFT_VERSION = 4.2;
				TARGETED_DEVICE_FAMILY = "1,2";
			};
			name = Release;
		};
		6F0CC2B62151685F0010BCA4 /* Debug */ = {
			isa = XCBuildConfiguration;
			buildSettings = {
				ALWAYS_EMBED_SWIFT_STANDARD_LIBRARIES = YES;
				BUNDLE_LOADER = "$(TEST_HOST)";
				CODE_SIGN_STYLE = Automatic;
				DEVELOPMENT_TEAM = 8Y4YS98BFD;
				INFOPLIST_FILE = tutorTrackingTests/Info.plist;
				LD_RUNPATH_SEARCH_PATHS = (
					"$(inherited)",
					"@executable_path/Frameworks",
					"@loader_path/Frameworks",
				);
				PRODUCT_BUNDLE_IDENTIFIER = brian.tutorTrackingTests;
				PRODUCT_NAME = "$(TARGET_NAME)";
				SWIFT_VERSION = 4.2;
				TARGETED_DEVICE_FAMILY = "1,2";
				TEST_HOST = "$(BUILT_PRODUCTS_DIR)/tutorTracking.app/tutorTracking";
			};
			name = Debug;
		};
		6F0CC2B72151685F0010BCA4 /* Release */ = {
			isa = XCBuildConfiguration;
			buildSettings = {
				ALWAYS_EMBED_SWIFT_STANDARD_LIBRARIES = YES;
				BUNDLE_LOADER = "$(TEST_HOST)";
				CODE_SIGN_STYLE = Automatic;
				DEVELOPMENT_TEAM = 8Y4YS98BFD;
				INFOPLIST_FILE = tutorTrackingTests/Info.plist;
				LD_RUNPATH_SEARCH_PATHS = (
					"$(inherited)",
					"@executable_path/Frameworks",
					"@loader_path/Frameworks",
				);
				PRODUCT_BUNDLE_IDENTIFIER = brian.tutorTrackingTests;
				PRODUCT_NAME = "$(TARGET_NAME)";
				SWIFT_VERSION = 4.2;
				TARGETED_DEVICE_FAMILY = "1,2";
				TEST_HOST = "$(BUILT_PRODUCTS_DIR)/tutorTracking.app/tutorTracking";
			};
			name = Release;
		};
		6F0CC2B92151685F0010BCA4 /* Debug */ = {
			isa = XCBuildConfiguration;
			buildSettings = {
				ALWAYS_EMBED_SWIFT_STANDARD_LIBRARIES = YES;
				CODE_SIGN_STYLE = Automatic;
				DEVELOPMENT_TEAM = 8Y4YS98BFD;
				INFOPLIST_FILE = tutorTrackingUITests/Info.plist;
				LD_RUNPATH_SEARCH_PATHS = (
					"$(inherited)",
					"@executable_path/Frameworks",
					"@loader_path/Frameworks",
				);
				PRODUCT_BUNDLE_IDENTIFIER = brian.tutorTrackingUITests;
				PRODUCT_NAME = "$(TARGET_NAME)";
				SWIFT_VERSION = 4.2;
				TARGETED_DEVICE_FAMILY = "1,2";
				TEST_TARGET_NAME = tutorTracking;
			};
			name = Debug;
		};
		6F0CC2BA2151685F0010BCA4 /* Release */ = {
			isa = XCBuildConfiguration;
			buildSettings = {
				ALWAYS_EMBED_SWIFT_STANDARD_LIBRARIES = YES;
				CODE_SIGN_STYLE = Automatic;
				DEVELOPMENT_TEAM = 8Y4YS98BFD;
				INFOPLIST_FILE = tutorTrackingUITests/Info.plist;
				LD_RUNPATH_SEARCH_PATHS = (
					"$(inherited)",
					"@executable_path/Frameworks",
					"@loader_path/Frameworks",
				);
				PRODUCT_BUNDLE_IDENTIFIER = brian.tutorTrackingUITests;
				PRODUCT_NAME = "$(TARGET_NAME)";
				SWIFT_VERSION = 4.2;
				TARGETED_DEVICE_FAMILY = "1,2";
				TEST_TARGET_NAME = tutorTracking;
			};
			name = Release;
		};
/* End XCBuildConfiguration section */

/* Begin XCConfigurationList section */
		6F0CC2852151685E0010BCA4 /* Build configuration list for PBXProject "tutorTracking" */ = {
			isa = XCConfigurationList;
			buildConfigurations = (
				6F0CC2B02151685F0010BCA4 /* Debug */,
				6F0CC2B12151685F0010BCA4 /* Release */,
			);
			defaultConfigurationIsVisible = 0;
			defaultConfigurationName = Release;
		};
		6F0CC2B22151685F0010BCA4 /* Build configuration list for PBXNativeTarget "tutorTracking" */ = {
			isa = XCConfigurationList;
			buildConfigurations = (
				6F0CC2B32151685F0010BCA4 /* Debug */,
				6F0CC2B42151685F0010BCA4 /* Release */,
			);
			defaultConfigurationIsVisible = 0;
			defaultConfigurationName = Release;
		};
		6F0CC2B52151685F0010BCA4 /* Build configuration list for PBXNativeTarget "tutorTrackingTests" */ = {
			isa = XCConfigurationList;
			buildConfigurations = (
				6F0CC2B62151685F0010BCA4 /* Debug */,
				6F0CC2B72151685F0010BCA4 /* Release */,
			);
			defaultConfigurationIsVisible = 0;
			defaultConfigurationName = Release;
		};
		6F0CC2B82151685F0010BCA4 /* Build configuration list for PBXNativeTarget "tutorTrackingUITests" */ = {
			isa = XCConfigurationList;
			buildConfigurations = (
				6F0CC2B92151685F0010BCA4 /* Debug */,
				6F0CC2BA2151685F0010BCA4 /* Release */,
			);
			defaultConfigurationIsVisible = 0;
			defaultConfigurationName = Release;
		};
/* End XCConfigurationList section */
	};
	rootObject = 6F0CC2822151685E0010BCA4 /* Project object */;
}
